# This file is @generated by PDM.
# It is not intended for manual editing.

[metadata]
groups = ["default"]
strategy = ["cross_platform", "inherit_metadata"]
lock_version = "4.5.0"
content_hash = "sha256:8601e3b6dd1530735e7945043b3e5a7e7f978a3f9fd2d4d34b695e178ac3f93b"

[[metadata.targets]]
requires_python = "~=3.12"

[[package]]
name = "pyxdg"
version = "0.28"
summary = "PyXDG contains implementations of freedesktop.org standards in python."
groups = ["default"]
files = [
    {file = "pyxdg-0.28-py2.py3-none-any.whl", hash = "sha256:bdaf595999a0178ecea4052b7f4195569c1ff4d344567bccdc12dfdf02d545ab"},
    {file = "pyxdg-0.28.tar.gz", hash = "sha256:3267bb3074e934df202af2ee0868575484108581e6f3cb006af1da35395e88b4"},
]

[[package]]
name = "tomli-w"
version = "1.0.0"
requires_python = ">=3.7"
summary = "A lil' TOML writer"
groups = ["default"]
files = [
    {file = "tomli_w-1.0.0-py3-none-any.whl", hash = "sha256:9f2a07e8be30a0729e533ec968016807069991ae2fd921a78d42f429ae5f4463"},
    {file = "tomli_w-1.0.0.tar.gz", hash = "sha256:f463434305e0336248cac9c2dc8076b707d8a12d019dd349f5c1e382dd1ae1b9"},
]

[[package]]
name = "unalix-rev"
version = "0.9.1"
requires_python = ">=3.7"
summary = "Small, dependency-free, fast Python package for removing tracking fields from URLs."
groups = ["default"]
files = [
    {file = "unalix_rev-0.9.1-py3-none-any.whl", hash = "sha256:feb7c9ff79d0e4d37d2f8121b992a5b82a5f9d9426fff973b4c267280e8244aa"},
    {file = "unalix_rev-0.9.1.tar.gz", hash = "sha256:0907cffeab8b98b8857369d6ff5f636f4d3cb40d3fab7da6c8c0cb09c550f213"},
]
