# This file is automatically @generated by Poetry 1.8.2 and should not be changed by hand.

[[package]]
name = "pyxdg"
version = "0.28"
description = "PyXDG contains implementations of freedesktop.org standards in python."
optional = false
python-versions = "*"
files = [
    {file = "pyxdg-0.28-py2.py3-none-any.whl", hash = "sha256:bdaf595999a0178ecea4052b7f4195569c1ff4d344567bccdc12dfdf02d545ab"},
    {file = "pyxdg-0.28.tar.gz", hash = "sha256:3267bb3074e934df202af2ee0868575484108581e6f3cb006af1da35395e88b4"},
]

[[package]]
name = "tomli-w"
version = "1.0.0"
description = "A lil' TOML writer"
optional = false
python-versions = ">=3.7"
files = [
    {file = "tomli_w-1.0.0-py3-none-any.whl", hash = "sha256:9f2a07e8be30a0729e533ec968016807069991ae2fd921a78d42f429ae5f4463"},
    {file = "tomli_w-1.0.0.tar.gz", hash = "sha256:f463434305e0336248cac9c2dc8076b707d8a12d019dd349f5c1e382dd1ae1b9"},
]

[[package]]
name = "unalix-rev"
version = "0.9"
description = "Small, dependency-free, fast Python package for removing tracking fields from URLs."
optional = false
python-versions = ">=3.7"
files = [
    {file = "unalix_rev-0.9-py3-none-any.whl", hash = "sha256:2859adde700f2d888bd2b81b1829268ec6ad1b9c95988aa12a56731133f41a46"},
    {file = "unalix_rev-0.9.tar.gz", hash = "sha256:a5c70ae6a260b151a7733188359fb4d991d6ad38b8a7aaf0587b2ac921a4fbe1"},
]

[metadata]
lock-version = "2.0"
python-versions = "^3.11"
content-hash = "db5ab8616fb2842babfa39b8018bc4e23cb61d4f2b62f5e2b9e3aa10c1e77335"
